// !$*UTF8*$!
{
	archiveVersion = 1;
	classes = {
	};
	objectVersion = 46;
	objects = {

/* Begin PBXBuildFile section */
		C6CA97F217FC708C00E853D7 /* Foundation.framework in Frameworks */ = {isa = PBXBuildFile; fileRef = C6CA97F117FC708C00E853D7 /* Foundation.framework */; };
		C6CA97F417FC708C00E853D7 /* CoreGraphics.framework in Frameworks */ = {isa = PBXBuildFile; fileRef = C6CA97F317FC708C00E853D7 /* CoreGraphics.framework */; };
		C6CA97F617FC708C00E853D7 /* UIKit.framework in Frameworks */ = {isa = PBXBuildFile; fileRef = C6CA97F517FC708C00E853D7 /* UIKit.framework */; };
		C6CA97FC17FC708C00E853D7 /* InfoPlist.strings in Resources */ = {isa = PBXBuildFile; fileRef = C6CA97FA17FC708C00E853D7 /* InfoPlist.strings */; };
		C6CA97FE17FC708C00E853D7 /* main.m in Sources */ = {isa = PBXBuildFile; fileRef = C6CA97FD17FC708C00E853D7 /* main.m */; };
		C6CA980217FC708C00E853D7 /* SWAppDelegate.m in Sources */ = {isa = PBXBuildFile; fileRef = C6CA980117FC708C00E853D7 /* SWAppDelegate.m */; };
		C6CA980517FC708C00E853D7 /* Main.storyboard in Resources */ = {isa = PBXBuildFile; fileRef = C6CA980317FC708C00E853D7 /* Main.storyboard */; };
		C6CA980817FC708C00E853D7 /* SWViewController.m in Sources */ = {isa = PBXBuildFile; fileRef = C6CA980717FC708C00E853D7 /* SWViewController.m */; };
		C6CA980A17FC708C00E853D7 /* Images.xcassets in Resources */ = {isa = PBXBuildFile; fileRef = C6CA980917FC708C00E853D7 /* Images.xcassets */; };
		C6CA981117FC708C00E853D7 /* XCTest.framework in Frameworks */ = {isa = PBXBuildFile; fileRef = C6CA981017FC708C00E853D7 /* XCTest.framework */; };
		C6CA981217FC708C00E853D7 /* Foundation.framework in Frameworks */ = {isa = PBXBuildFile; fileRef = C6CA97F117FC708C00E853D7 /* Foundation.framework */; };
		C6CA981317FC708C00E853D7 /* UIKit.framework in Frameworks */ = {isa = PBXBuildFile; fileRef = C6CA97F517FC708C00E853D7 /* UIKit.framework */; };
		C6CA981B17FC708C00E853D7 /* InfoPlist.strings in Resources */ = {isa = PBXBuildFile; fileRef = C6CA981917FC708C00E853D7 /* InfoPlist.strings */; };
		C6CA981D17FC708C00E853D7 /* Control_FlowTests.m in Sources */ = {isa = PBXBuildFile; fileRef = C6CA981C17FC708C00E853D7 /* Control_FlowTests.m */; };
/* End PBXBuildFile section */

/* Begin PBXContainerItemProxy section */
		C6CA981417FC708C00E853D7 /* PBXContainerItemProxy */ = {
			isa = PBXContainerItemProxy;
			containerPortal = C6CA97E617FC708C00E853D7 /* Project object */;
			proxyType = 1;
			remoteGlobalIDString = C6CA97ED17FC708C00E853D7;
			remoteInfo = "Control Flow";
		};
/* End PBXContainerItemProxy section */

/* Begin PBXFileReference section */
		C6CA97EE17FC708C00E853D7 /* Control Flow.app */ = {isa = PBXFileReference; explicitFileType = wrapper.application; includeInIndex = 0; path = "Control Flow.app"; sourceTree = BUILT_PRODUCTS_DIR; };
		C6CA97F117FC708C00E853D7 /* Foundation.framework */ = {isa = PBXFileReference; lastKnownFileType = wrapper.framework; name = Foundation.framework; path = System/Library/Frameworks/Foundation.framework; sourceTree = SDKROOT; };
		C6CA97F317FC708C00E853D7 /* CoreGraphics.framework */ = {isa = PBXFileReference; lastKnownFileType = wrapper.framework; name = CoreGraphics.framework; path = System/Library/Frameworks/CoreGraphics.framework; sourceTree = SDKROOT; };
		C6CA97F517FC708C00E853D7 /* UIKit.framework */ = {isa = PBXFileReference; lastKnownFileType = wrapper.framework; name = UIKit.framework; path = System/Library/Frameworks/UIKit.framework; sourceTree = SDKROOT; };
		C6CA97F917FC708C00E853D7 /* Control Flow-Info.plist */ = {isa = PBXFileReference; lastKnownFileType = text.plist.xml; path = "Control Flow-Info.plist"; sourceTree = "<group>"; };
		C6CA97FB17FC708C00E853D7 /* en */ = {isa = PBXFileReference; lastKnownFileType = text.plist.strings; name = en; path = en.lproj/InfoPlist.strings; sourceTree = "<group>"; };
		C6CA97FD17FC708C00E853D7 /* main.m */ = {isa = PBXFileReference; lastKnownFileType = sourcecode.c.objc; path = main.m; sourceTree = "<group>"; };
		C6CA97FF17FC708C00E853D7 /* Control Flow-Prefix.pch */ = {isa = PBXFileReference; lastKnownFileType = sourcecode.c.h; path = "Control Flow-Prefix.pch"; sourceTree = "<group>"; };
		C6CA980017FC708C00E853D7 /* SWAppDelegate.h */ = {isa = PBXFileReference; lastKnownFileType = sourcecode.c.h; path = SWAppDelegate.h; sourceTree = "<group>"; };
		C6CA980117FC708C00E853D7 /* SWAppDelegate.m */ = {isa = PBXFileReference; lastKnownFileType = sourcecode.c.objc; path = SWAppDelegate.m; sourceTree = "<group>"; };
		C6CA980417FC708C00E853D7 /* Base */ = {isa = PBXFileReference; lastKnownFileType = file.storyboard; name = Base; path = Base.lproj/Main.storyboard; sourceTree = "<group>"; };
		C6CA980617FC708C00E853D7 /* SWViewController.h */ = {isa = PBXFileReference; lastKnownFileType = sourcecode.c.h; path = SWViewController.h; sourceTree = "<group>"; };
		C6CA980717FC708C00E853D7 /* SWViewController.m */ = {isa = PBXFileReference; lastKnownFileType = sourcecode.c.objc; path = SWViewController.m; sourceTree = "<group>"; };
		C6CA980917FC708C00E853D7 /* Images.xcassets */ = {isa = PBXFileReference; lastKnownFileType = folder.assetcatalog; path = Images.xcassets; sourceTree = "<group>"; };
		C6CA980F17FC708C00E853D7 /* Control FlowTests.xctest */ = {isa = PBXFileReference; explicitFileType = wrapper.cfbundle; includeInIndex = 0; path = "Control FlowTests.xctest"; sourceTree = BUILT_PRODUCTS_DIR; };
		C6CA981017FC708C00E853D7 /* XCTest.framework */ = {isa = PBXFileReference; lastKnownFileType = wrapper.framework; name = XCTest.framework; path = Library/Frameworks/XCTest.framework; sourceTree = DEVELOPER_DIR; };
		C6CA981817FC708C00E853D7 /* Control FlowTests-Info.plist */ = {isa = PBXFileReference; lastKnownFileType = text.plist.xml; path = "Control FlowTests-Info.plist"; sourceTree = "<group>"; };
		C6CA981A17FC708C00E853D7 /* en */ = {isa = PBXFileReference; lastKnownFileType = text.plist.strings; name = en; path = en.lproj/InfoPlist.strings; sourceTree = "<group>"; };
		C6CA981C17FC708C00E853D7 /* Control_FlowTests.m */ = {isa = PBXFileReference; lastKnownFileType = sourcecode.c.objc; path = Control_FlowTests.m; sourceTree = "<group>"; };
/* End PBXFileReference section */

/* Begin PBXFrameworksBuildPhase section */
		C6CA97EB17FC708C00E853D7 /* Frameworks */ = {
			isa = PBXFrameworksBuildPhase;
			buildActionMask = 2147483647;
			files = (
				C6CA97F417FC708C00E853D7 /* CoreGraphics.framework in Frameworks */,
				C6CA97F617FC708C00E853D7 /* UIKit.framework in Frameworks */,
				C6CA97F217FC708C00E853D7 /* Foundation.framework in Frameworks */,
			);
			runOnlyForDeploymentPostprocessing = 0;
		};
		C6CA980C17FC708C00E853D7 /* Frameworks */ = {
			isa = PBXFrameworksBuildPhase;
			buildActionMask = 2147483647;
			files = (
				C6CA981117FC708C00E853D7 /* XCTest.framework in Frameworks */,
				C6CA981317FC708C00E853D7 /* UIKit.framework in Frameworks */,
				C6CA981217FC708C00E853D7 /* Foundation.framework in Frameworks */,
			);
			runOnlyForDeploymentPostprocessing = 0;
		};
/* End PBXFrameworksBuildPhase section */

/* Begin PBXGroup section */
		C6CA97E517FC708C00E853D7 = {
			isa = PBXGroup;
			children = (
				C6CA97F717FC708C00E853D7 /* Control Flow */,
				C6CA981617FC708C00E853D7 /* Control FlowTests */,
				C6CA97F017FC708C00E853D7 /* Frameworks */,
				C6CA97EF17FC708C00E853D7 /* Products */,
			);
			sourceTree = "<group>";
		};
		C6CA97EF17FC708C00E853D7 /* Products */ = {
			isa = PBXGroup;
			children = (
				C6CA97EE17FC708C00E853D7 /* Control Flow.app */,
				C6CA980F17FC708C00E853D7 /* Control FlowTests.xctest */,
			);
			name = Products;
			sourceTree = "<group>";
		};
		C6CA97F017FC708C00E853D7 /* Frameworks */ = {
			isa = PBXGroup;
			children = (
				C6CA97F117FC708C00E853D7 /* Foundation.framework */,
				C6CA97F317FC708C00E853D7 /* CoreGraphics.framework */,
				C6CA97F517FC708C00E853D7 /* UIKit.framework */,
				C6CA981017FC708C00E853D7 /* XCTest.framework */,
			);
			name = Frameworks;
			sourceTree = "<group>";
		};
		C6CA97F717FC708C00E853D7 /* Control Flow */ = {
			isa = PBXGroup;
			children = (
				C6CA980017FC708C00E853D7 /* SWAppDelegate.h */,
				C6CA980117FC708C00E853D7 /* SWAppDelegate.m */,
				C6CA980317FC708C00E853D7 /* Main.storyboard */,
				C6CA980617FC708C00E853D7 /* SWViewController.h */,
				C6CA980717FC708C00E853D7 /* SWViewController.m */,
				C6CA980917FC708C00E853D7 /* Images.xcassets */,
				C6CA97F817FC708C00E853D7 /* Supporting Files */,
			);
			path = "Control Flow";
			sourceTree = "<group>";
		};
		C6CA97F817FC708C00E853D7 /* Supporting Files */ = {
			isa = PBXGroup;
			children = (
				C6CA97F917FC708C00E853D7 /* Control Flow-Info.plist */,
				C6CA97FA17FC708C00E853D7 /* InfoPlist.strings */,
				C6CA97FD17FC708C00E853D7 /* main.m */,
				C6CA97FF17FC708C00E853D7 /* Control Flow-Prefix.pch */,
			);
			name = "Supporting Files";
			sourceTree = "<group>";
		};
		C6CA981617FC708C00E853D7 /* Control FlowTests */ = {
			isa = PBXGroup;
			children = (
				C6CA981C17FC708C00E853D7 /* Control_FlowTests.m */,
				C6CA981717FC708C00E853D7 /* Supporting Files */,
			);
			path = "Control FlowTests";
			sourceTree = "<group>";
		};
		C6CA981717FC708C00E853D7 /* Supporting Files */ = {
			isa = PBXGroup;
			children = (
				C6CA981817FC708C00E853D7 /* Control FlowTests-Info.plist */,
				C6CA981917FC708C00E853D7 /* InfoPlist.strings */,
			);
			name = "Supporting Files";
			sourceTree = "<group>";
		};
/* End PBXGroup section */

/* Begin PBXNativeTarget section */
		C6CA97ED17FC708C00E853D7 /* Control Flow */ = {
			isa = PBXNativeTarget;
			buildConfigurationList = C6CA982017FC708C00E853D7 /* Build configuration list for PBXNativeTarget "Control Flow" */;
			buildPhases = (
				C6CA97EA17FC708C00E853D7 /* Sources */,
				C6CA97EB17FC708C00E853D7 /* Frameworks */,
				C6CA97EC17FC708C00E853D7 /* Resources */,
			);
			buildRules = (
			);
			dependencies = (
			);
			name = "Control Flow";
			productName = "Control Flow";
			productReference = C6CA97EE17FC708C00E853D7 /* Control Flow.app */;
			productType = "com.apple.product-type.application";
		};
		C6CA980E17FC708C00E853D7 /* Control FlowTests */ = {
			isa = PBXNativeTarget;
			buildConfigurationList = C6CA982317FC708C00E853D7 /* Build configuration list for PBXNativeTarget "Control FlowTests" */;
			buildPhases = (
				C6CA980B17FC708C00E853D7 /* Sources */,
				C6CA980C17FC708C00E853D7 /* Frameworks */,
				C6CA980D17FC708C00E853D7 /* Resources */,
			);
			buildRules = (
			);
			dependencies = (
				C6CA981517FC708C00E853D7 /* PBXTargetDependency */,
			);
			name = "Control FlowTests";
			productName = "Control FlowTests";
			productReference = C6CA980F17FC708C00E853D7 /* Control FlowTests.xctest */;
			productType = "com.apple.product-type.bundle.unit-test";
		};
/* End PBXNativeTarget section */

/* Begin PBXProject section */
		C6CA97E617FC708C00E853D7 /* Project object */ = {
			isa = PBXProject;
			attributes = {
				CLASSPREFIX = SW;
				LastUpgradeCheck = 0500;
				ORGANIZATIONNAME = "Shannon Wynn";
				TargetAttributes = {
					C6CA980E17FC708C00E853D7 = {
						TestTargetID = C6CA97ED17FC708C00E853D7;
					};
				};
			};
			buildConfigurationList = C6CA97E917FC708C00E853D7 /* Build configuration list for PBXProject "Control Flow" */;
			compatibilityVersion = "Xcode 3.2";
			developmentRegion = English;
			hasScannedForEncodings = 0;
			knownRegions = (
				en,
				Base,
			);
			mainGroup = C6CA97E517FC708C00E853D7;
			productRefGroup = C6CA97EF17FC708C00E853D7 /* Products */;
			projectDirPath = "";
			projectRoot = "";
			targets = (
				C6CA97ED17FC708C00E853D7 /* Control Flow */,
				C6CA980E17FC708C00E853D7 /* Control FlowTests */,
			);
		};
/* End PBXProject section */

/* Begin PBXResourcesBuildPhase section */
		C6CA97EC17FC708C00E853D7 /* Resources */ = {
			isa = PBXResourcesBuildPhase;
			buildActionMask = 2147483647;
			files = (
				C6CA980A17FC708C00E853D7 /* Images.xcassets in Resources */,
				C6CA97FC17FC708C00E853D7 /* InfoPlist.strings in Resources */,
				C6CA980517FC708C00E853D7 /* Main.storyboard in Resources */,
			);
			runOnlyForDeploymentPostprocessing = 0;
		};
		C6CA980D17FC708C00E853D7 /* Resources */ = {
			isa = PBXResourcesBuildPhase;
			buildActionMask = 2147483647;
			files = (
				C6CA981B17FC708C00E853D7 /* InfoPlist.strings in Resources */,
			);
			runOnlyForDeploymentPostprocessing = 0;
		};
/* End PBXResourcesBuildPhase section */

/* Begin PBXSourcesBuildPhase section */
		C6CA97EA17FC708C00E853D7 /* Sources */ = {
			isa = PBXSourcesBuildPhase;
			buildActionMask = 2147483647;
			files = (
				C6CA980817FC708C00E853D7 /* SWViewController.m in Sources */,
				C6CA980217FC708C00E853D7 /* SWAppDelegate.m in Sources */,
				C6CA97FE17FC708C00E853D7 /* main.m in Sources */,
			);
			runOnlyForDeploymentPostprocessing = 0;
		};
		C6CA980B17FC708C00E853D7 /* Sources */ = {
			isa = PBXSourcesBuildPhase;
			buildActionMask = 2147483647;
			files = (
				C6CA981D17FC708C00E853D7 /* Control_FlowTests.m in Sources */,
			);
			runOnlyForDeploymentPostprocessing = 0;
		};
/* End PBXSourcesBuildPhase section */

/* Begin PBXTargetDependency section */
		C6CA981517FC708C00E853D7 /* PBXTargetDependency */ = {
			isa = PBXTargetDependency;
			target = C6CA97ED17FC708C00E853D7 /* Control Flow */;
			targetProxy = C6CA981417FC708C00E853D7 /* PBXContainerItemProxy */;
		};
/* End PBXTargetDependency section */

/* Begin PBXVariantGroup section */
		C6CA97FA17FC708C00E853D7 /* InfoPlist.strings */ = {
			isa = PBXVariantGroup;
			children = (
				C6CA97FB17FC708C00E853D7 /* en */,
			);
			name = InfoPlist.strings;
			sourceTree = "<group>";
		};
		C6CA980317FC708C00E853D7 /* Main.storyboard */ = {
			isa = PBXVariantGroup;
			children = (
				C6CA980417FC708C00E853D7 /* Base */,
			);
			name = Main.storyboard;
			sourceTree = "<group>";
		};
		C6CA981917FC708C00E853D7 /* InfoPlist.strings */ = {
			isa = PBXVariantGroup;
			children = (
				C6CA981A17FC708C00E853D7 /* en */,
			);
			name = InfoPlist.strings;
			sourceTree = "<group>";
		};
/* End PBXVariantGroup section */

/* Begin XCBuildConfiguration section */
		C6CA981E17FC708C00E853D7 /* Debug */ = {
			isa = XCBuildConfiguration;
			buildSettings = {
				ALWAYS_SEARCH_USER_PATHS = NO;
				ARCHS = "$(ARCHS_STANDARD_INCLUDING_64_BIT)";
				CLANG_CXX_LANGUAGE_STANDARD = "gnu++0x";
				CLANG_CXX_LIBRARY = "libc++";
				CLANG_ENABLE_MODULES = YES;
				CLANG_ENABLE_OBJC_ARC = YES;
				CLANG_WARN_BOOL_CONVERSION = YES;
				CLANG_WARN_CONSTANT_CONVERSION = YES;
				CLANG_WARN_DIRECT_OBJC_ISA_USAGE = YES_ERROR;
				CLANG_WARN_EMPTY_BODY = YES;
				CLANG_WARN_ENUM_CONVERSION = YES;
				CLANG_WARN_INT_CONVERSION = YES;
				CLANG_WARN_OBJC_ROOT_CLASS = YES_ERROR;
				CLANG_WARN__DUPLICATE_METHOD_MATCH = YES;
				"CODE_SIGN_IDENTITY[sdk=iphoneos*]" = "iPhone Developer";
				COPY_PHASE_STRIP = NO;
				GCC_C_LANGUAGE_STANDARD = gnu99;
				GCC_DYNAMIC_NO_PIC = NO;
				GCC_OPTIMIZATION_LEVEL = 0;
				GCC_PREPROCESSOR_DEFINITIONS = (
					"DEBUG=1",
					"$(inherited)",
				);
				GCC_SYMBOLS_PRIVATE_EXTERN = NO;
				GCC_WARN_64_TO_32_BIT_CONVERSION = YES;
				GCC_WARN_ABOUT_RETURN_TYPE = YES_ERROR;
				GCC_WARN_UNDECLARED_SELECTOR = YES;
				GCC_WARN_UNINITIALIZED_AUTOS = YES;
				GCC_WARN_UNUSED_FUNCTION = YES;
				GCC_WARN_UNUSED_VARIABLE = YES;
				IPHONEOS_DEPLOYMENT_TARGET = 7.0;
				ONLY_ACTIVE_ARCH = YES;
				SDKROOT = iphoneos;
			};
			name = Debug;
		};
		C6CA981F17FC708C00E853D7 /* Release */ = {
			isa = XCBuildConfiguration;
			buildSettings = {
				ALWAYS_SEARCH_USER_PATHS = NO;
				ARCHS = "$(ARCHS_STANDARD_INCLUDING_64_BIT)";
				CLANG_CXX_LANGUAGE_STANDARD = "gnu++0x";
				CLANG_CXX_LIBRARY = "libc++";
				CLANG_ENABLE_MODULES = YES;
				CLANG_ENABLE_OBJC_ARC = YES;
				CLANG_WARN_BOOL_CONVERSION = YES;
				CLANG_WARN_CONSTANT_CONVERSION = YES;
				CLANG_WARN_DIRECT_OBJC_ISA_USAGE = YES_ERROR;
				CLANG_WARN_EMPTY_BODY = YES;
				CLANG_WARN_ENUM_CONVERSION = YES;
				CLANG_WARN_INT_CONVERSION = YES;
				CLANG_WARN_OBJC_ROOT_CLASS = YES_ERROR;
				CLANG_WARN__DUPLICATE_METHOD_MATCH = YES;
				"CODE_SIGN_IDENTITY[sdk=iphoneos*]" = "iPhone Developer";
				COPY_PHASE_STRIP = YES;
				ENABLE_NS_ASSERTIONS = NO;
				GCC_C_LANGUAGE_STANDARD = gnu99;
				GCC_WARN_64_TO_32_BIT_CONVERSION = YES;
				GCC_WARN_ABOUT_RETURN_TYPE = YES_ERROR;
				GCC_WARN_UNDECLARED_SELECTOR = YES;
				GCC_WARN_UNINITIALIZED_AUTOS = YES;
				GCC_WARN_UNUSED_FUNCTION = YES;
				GCC_WARN_UNUSED_VARIABLE = YES;
				IPHONEOS_DEPLOYMENT_TARGET = 7.0;
				SDKROOT = iphoneos;
				VALIDATE_PRODUCT = YES;
			};
			name = Release;
		};
		C6CA982117FC708C00E853D7 /* Debug */ = {
			isa = XCBuildConfiguration;
			buildSettings = {
				ASSETCATALOG_COMPILER_APPICON_NAME = AppIcon;
				ASSETCATALOG_COMPILER_LAUNCHIMAGE_NAME = LaunchImage;
				GCC_PRECOMPILE_PREFIX_HEADER = YES;
				GCC_PREFIX_HEADER = "Control Flow/Control Flow-Prefix.pch";
				INFOPLIST_FILE = "Control Flow/Control Flow-Info.plist";
				PRODUCT_NAME = "$(TARGET_NAME)";
				WRAPPER_EXTENSION = app;
			};
			name = Debug;
		};
		C6CA982217FC708C00E853D7 /* Release */ = {
			isa = XCBuildConfiguration;
			buildSettings = {
				ASSETCATALOG_COMPILER_APPICON_NAME = AppIcon;
				ASSETCATALOG_COMPILER_LAUNCHIMAGE_NAME = LaunchImage;
				GCC_PRECOMPILE_PREFIX_HEADER = YES;
				GCC_PREFIX_HEADER = "Control Flow/Control Flow-Prefix.pch";
				INFOPLIST_FILE = "Control Flow/Control Flow-Info.plist";
				PRODUCT_NAME = "$(TARGET_NAME)";
				WRAPPER_EXTENSION = app;
			};
			name = Release;
		};
		C6CA982417FC708C00E853D7 /* Debug */ = {
			isa = XCBuildConfiguration;
			buildSettings = {
				ARCHS = "$(ARCHS_STANDARD_INCLUDING_64_BIT)";
				BUNDLE_LOADER = "$(BUILT_PRODUCTS_DIR)/Control Flow.app/Control Flow";
				FRAMEWORK_SEARCH_PATHS = (
					"$(SDKROOT)/Developer/Library/Frameworks",
					"$(inherited)",
					"$(DEVELOPER_FRAMEWORKS_DIR)",
				);
				GCC_PRECOMPILE_PREFIX_HEADER = YES;
				GCC_PREFIX_HEADER = "Control Flow/Control Flow-Prefix.pch";
				GCC_PREPROCESSOR_DEFINITIONS = (
					"DEBUG=1",
					"$(inherited)",
				);
				INFOPLIST_FILE = "Control FlowTests/Control FlowTests-Info.plist";
				PRODUCT_NAME = "$(TARGET_NAME)";
				TEST_HOST = "$(BUNDLE_LOADER)";
				WRAPPER_EXTENSION = xctest;
			};
			name = Debug;
		};
		C6CA982517FC708C00E853D7 /* Release */ = {
			isa = XCBuildConfiguration;
			buildSettings = {
				ARCHS = "$(ARCHS_STANDARD_INCLUDING_64_BIT)";
				BUNDLE_LOADER = "$(BUILT_PRODUCTS_DIR)/Control Flow.app/Control Flow";
				FRAMEWORK_SEARCH_PATHS = (
					"$(SDKROOT)/Developer/Library/Frameworks",
					"$(inherited)",
					"$(DEVELOPER_FRAMEWORKS_DIR)",
				);
				GCC_PRECOMPILE_PREFIX_HEADER = YES;
				GCC_PREFIX_HEADER = "Control Flow/Control Flow-Prefix.pch";
				INFOPLIST_FILE = "Control FlowTests/Control FlowTests-Info.plist";
				PRODUCT_NAME = "$(TARGET_NAME)";
				TEST_HOST = "$(BUNDLE_LOADER)";
				WRAPPER_EXTENSION = xctest;
			};
			name = Release;
		};
/* End XCBuildConfiguration section */

/* Begin XCConfigurationList section */
		C6CA97E917FC708C00E853D7 /* Build configuration list for PBXProject "Control Flow" */ = {
			isa = XCConfigurationList;
			buildConfigurations = (
				C6CA981E17FC708C00E853D7 /* Debug */,
				C6CA981F17FC708C00E853D7 /* Release */,
			);
			defaultConfigurationIsVisible = 0;
			defaultConfigurationName = Release;
		};
		C6CA982017FC708C00E853D7 /* Build configuration list for PBXNativeTarget "Control Flow" */ = {
			isa = XCConfigurationList;
			buildConfigurations = (
				C6CA982117FC708C00E853D7 /* Debug */,
				C6CA982217FC708C00E853D7 /* Release */,
			);
			defaultConfigurationIsVisible = 0;
		};
		C6CA982317FC708C00E853D7 /* Build configuration list for PBXNativeTarget "Control FlowTests" */ = {
			isa = XCConfigurationList;
			buildConfigurations = (
				C6CA982417FC708C00E853D7 /* Debug */,
				C6CA982517FC708C00E853D7 /* Release */,
			);
			defaultConfigurationIsVisible = 0;
		};
/* End XCConfigurationList section */
	};
	rootObject = C6CA97E617FC708C00E853D7 /* Project object */;
}
